// !$*UTF8*$!
{
	archiveVersion = 1;
	classes = {
	};
	objectVersion = 46;
	objects = {

/* Begin PBXBuildFile section */
		1F2EAAF31887408200D65B19 /* Foundation.framework in Frameworks */ = {isa = PBXBuildFile; fileRef = 1F2EAAF21887408200D65B19 /* Foundation.framework */; };
		1F2EAAF51887408200D65B19 /* CoreGraphics.framework in Frameworks */ = {isa = PBXBuildFile; fileRef = 1F2EAAF41887408200D65B19 /* CoreGraphics.framework */; };
		1F2EAAF71887408200D65B19 /* UIKit.framework in Frameworks */ = {isa = PBXBuildFile; fileRef = 1F2EAAF61887408200D65B19 /* UIKit.framework */; };
		1F2EAAFD1887408200D65B19 /* InfoPlist.strings in Resources */ = {isa = PBXBuildFile; fileRef = 1F2EAAFB1887408200D65B19 /* InfoPlist.strings */; };
		1F2EAAFF1887408200D65B19 /* main.m in Sources */ = {isa = PBXBuildFile; fileRef = 1F2EAAFE1887408200D65B19 /* main.m */; };
		1F2EAB031887408200D65B19 /* AppDelegate.m in Sources */ = {isa = PBXBuildFile; fileRef = 1F2EAB021887408200D65B19 /* AppDelegate.m */; };
		1F2EAB061887408200D65B19 /* Main_iPhone.storyboard in Resources */ = {isa = PBXBuildFile; fileRef = 1F2EAB041887408200D65B19 /* Main_iPhone.storyboard */; };
		1F2EAB091887408200D65B19 /* Main_iPad.storyboard in Resources */ = {isa = PBXBuildFile; fileRef = 1F2EAB071887408200D65B19 /* Main_iPad.storyboard */; };
		1F2EAB0C1887408200D65B19 /* ViewController.m in Sources */ = {isa = PBXBuildFile; fileRef = 1F2EAB0B1887408200D65B19 /* ViewController.m */; };
		1F2EAB0E1887408200D65B19 /* Images.xcassets in Resources */ = {isa = PBXBuildFile; fileRef = 1F2EAB0D1887408200D65B19 /* Images.xcassets */; };
		1F2EAB151887408200D65B19 /* XCTest.framework in Frameworks */ = {isa = PBXBuildFile; fileRef = 1F2EAB141887408200D65B19 /* XCTest.framework */; };
		1F2EAB161887408200D65B19 /* Foundation.framework in Frameworks */ = {isa = PBXBuildFile; fileRef = 1F2EAAF21887408200D65B19 /* Foundation.framework */; };
		1F2EAB171887408200D65B19 /* UIKit.framework in Frameworks */ = {isa = PBXBuildFile; fileRef = 1F2EAAF61887408200D65B19 /* UIKit.framework */; };
		1F2EAB1F1887408200D65B19 /* InfoPlist.strings in Resources */ = {isa = PBXBuildFile; fileRef = 1F2EAB1D1887408200D65B19 /* InfoPlist.strings */; };
		1F2EAB211887408200D65B19 /* WebserviceTemplateExampleTests.m in Sources */ = {isa = PBXBuildFile; fileRef = 1F2EAB201887408200D65B19 /* WebserviceTemplateExampleTests.m */; };
		1F2EAB301887409E00D65B19 /* WebOperation.m in Sources */ = {isa = PBXBuildFile; fileRef = 1F2EAB2C1887409E00D65B19 /* WebOperation.m */; };
		1F2EAB311887409E00D65B19 /* Webservice.m in Sources */ = {isa = PBXBuildFile; fileRef = 1F2EAB2F1887409E00D65B19 /* Webservice.m */; };
		1F2EAB351887413800D65B19 /* ExampleWebservice.m in Sources */ = {isa = PBXBuildFile; fileRef = 1F2EAB341887413800D65B19 /* ExampleWebservice.m */; };
/* End PBXBuildFile section */

/* Begin PBXContainerItemProxy section */
		1F2EAB181887408200D65B19 /* PBXContainerItemProxy */ = {
			isa = PBXContainerItemProxy;
			containerPortal = 1F2EAAE71887408200D65B19 /* Project object */;
			proxyType = 1;
			remoteGlobalIDString = 1F2EAAEE1887408200D65B19;
			remoteInfo = WebserviceTemplateExample;
		};
/* End PBXContainerItemProxy section */

/* Begin PBXFileReference section */
		1F2EAAEF1887408200D65B19 /* WebserviceTemplateExample.app */ = {isa = PBXFileReference; explicitFileType = wrapper.application; includeInIndex = 0; path = WebserviceTemplateExample.app; sourceTree = BUILT_PRODUCTS_DIR; };
		1F2EAAF21887408200D65B19 /* Foundation.framework */ = {isa = PBXFileReference; lastKnownFileType = wrapper.framework; name = Foundation.framework; path = System/Library/Frameworks/Foundation.framework; sourceTree = SDKROOT; };
		1F2EAAF41887408200D65B19 /* CoreGraphics.framework */ = {isa = PBXFileReference; lastKnownFileType = wrapper.framework; name = CoreGraphics.framework; path = System/Library/Frameworks/CoreGraphics.framework; sourceTree = SDKROOT; };
		1F2EAAF61887408200D65B19 /* UIKit.framework */ = {isa = PBXFileReference; lastKnownFileType = wrapper.framework; name = UIKit.framework; path = System/Library/Frameworks/UIKit.framework; sourceTree = SDKROOT; };
		1F2EAAFA1887408200D65B19 /* WebserviceTemplateExample-Info.plist */ = {isa = PBXFileReference; lastKnownFileType = text.plist.xml; path = "WebserviceTemplateExample-Info.plist"; sourceTree = "<group>"; };
		1F2EAAFC1887408200D65B19 /* en */ = {isa = PBXFileReference; lastKnownFileType = text.plist.strings; name = en; path = en.lproj/InfoPlist.strings; sourceTree = "<group>"; };
		1F2EAAFE1887408200D65B19 /* main.m */ = {isa = PBXFileReference; lastKnownFileType = sourcecode.c.objc; path = main.m; sourceTree = "<group>"; };
		1F2EAB001887408200D65B19 /* WebserviceTemplateExample-Prefix.pch */ = {isa = PBXFileReference; lastKnownFileType = sourcecode.c.h; path = "WebserviceTemplateExample-Prefix.pch"; sourceTree = "<group>"; };
		1F2EAB011887408200D65B19 /* AppDelegate.h */ = {isa = PBXFileReference; lastKnownFileType = sourcecode.c.h; path = AppDelegate.h; sourceTree = "<group>"; };
		1F2EAB021887408200D65B19 /* AppDelegate.m */ = {isa = PBXFileReference; lastKnownFileType = sourcecode.c.objc; path = AppDelegate.m; sourceTree = "<group>"; };
		1F2EAB051887408200D65B19 /* Base */ = {isa = PBXFileReference; lastKnownFileType = file.storyboard; name = Base; path = Base.lproj/Main_iPhone.storyboard; sourceTree = "<group>"; };
		1F2EAB081887408200D65B19 /* Base */ = {isa = PBXFileReference; lastKnownFileType = file.storyboard; name = Base; path = Base.lproj/Main_iPad.storyboard; sourceTree = "<group>"; };
		1F2EAB0A1887408200D65B19 /* ViewController.h */ = {isa = PBXFileReference; lastKnownFileType = sourcecode.c.h; path = ViewController.h; sourceTree = "<group>"; };
		1F2EAB0B1887408200D65B19 /* ViewController.m */ = {isa = PBXFileReference; lastKnownFileType = sourcecode.c.objc; path = ViewController.m; sourceTree = "<group>"; };
		1F2EAB0D1887408200D65B19 /* Images.xcassets */ = {isa = PBXFileReference; lastKnownFileType = folder.assetcatalog; path = Images.xcassets; sourceTree = "<group>"; };
		1F2EAB131887408200D65B19 /* WebserviceTemplateExampleTests.xctest */ = {isa = PBXFileReference; explicitFileType = wrapper.cfbundle; includeInIndex = 0; path = WebserviceTemplateExampleTests.xctest; sourceTree = BUILT_PRODUCTS_DIR; };
		1F2EAB141887408200D65B19 /* XCTest.framework */ = {isa = PBXFileReference; lastKnownFileType = wrapper.framework; name = XCTest.framework; path = Library/Frameworks/XCTest.framework; sourceTree = DEVELOPER_DIR; };
		1F2EAB1C1887408200D65B19 /* WebserviceTemplateExampleTests-Info.plist */ = {isa = PBXFileReference; lastKnownFileType = text.plist.xml; path = "WebserviceTemplateExampleTests-Info.plist"; sourceTree = "<group>"; };
		1F2EAB1E1887408200D65B19 /* en */ = {isa = PBXFileReference; lastKnownFileType = text.plist.strings; name = en; path = en.lproj/InfoPlist.strings; sourceTree = "<group>"; };
		1F2EAB201887408200D65B19 /* WebserviceTemplateExampleTests.m */ = {isa = PBXFileReference; lastKnownFileType = sourcecode.c.objc; path = WebserviceTemplateExampleTests.m; sourceTree = "<group>"; };
		1F2EAB2B1887409E00D65B19 /* WebOperation.h */ = {isa = PBXFileReference; fileEncoding = 4; lastKnownFileType = sourcecode.c.h; name = WebOperation.h; path = ../../../WebserviceTemplate/WebOperation.h; sourceTree = "<group>"; };
		1F2EAB2C1887409E00D65B19 /* WebOperation.m */ = {isa = PBXFileReference; fileEncoding = 4; lastKnownFileType = sourcecode.c.objc; name = WebOperation.m; path = ../../../WebserviceTemplate/WebOperation.m; sourceTree = "<group>"; };
		1F2EAB2D1887409E00D65B19 /* WebOperationHeaders.h */ = {isa = PBXFileReference; fileEncoding = 4; lastKnownFileType = sourcecode.c.h; name = WebOperationHeaders.h; path = ../../../WebserviceTemplate/WebOperationHeaders.h; sourceTree = "<group>"; };
		1F2EAB2E1887409E00D65B19 /* Webservice.h */ = {isa = PBXFileReference; fileEncoding = 4; lastKnownFileType = sourcecode.c.h; name = Webservice.h; path = ../../../WebserviceTemplate/Webservice.h; sourceTree = "<group>"; };
		1F2EAB2F1887409E00D65B19 /* Webservice.m */ = {isa = PBXFileReference; fileEncoding = 4; lastKnownFileType = sourcecode.c.objc; name = Webservice.m; path = ../../../WebserviceTemplate/Webservice.m; sourceTree = "<group>"; };
		1F2EAB331887413800D65B19 /* ExampleWebservice.h */ = {isa = PBXFileReference; fileEncoding = 4; lastKnownFileType = sourcecode.c.h; path = ExampleWebservice.h; sourceTree = "<group>"; };
		1F2EAB341887413800D65B19 /* ExampleWebservice.m */ = {isa = PBXFileReference; fileEncoding = 4; lastKnownFileType = sourcecode.c.objc; path = ExampleWebservice.m; sourceTree = "<group>"; };
/* End PBXFileReference section */

/* Begin PBXFrameworksBuildPhase section */
		1F2EAAEC1887408200D65B19 /* Frameworks */ = {
			isa = PBXFrameworksBuildPhase;
			buildActionMask = 2147483647;
			files = (
				1F2EAAF51887408200D65B19 /* CoreGraphics.framework in Frameworks */,
				1F2EAAF71887408200D65B19 /* UIKit.framework in Frameworks */,
				1F2EAAF31887408200D65B19 /* Foundation.framework in Frameworks */,
			);
			runOnlyForDeploymentPostprocessing = 0;
		};
		1F2EAB101887408200D65B19 /* Frameworks */ = {
			isa = PBXFrameworksBuildPhase;
			buildActionMask = 2147483647;
			files = (
				1F2EAB151887408200D65B19 /* XCTest.framework in Frameworks */,
				1F2EAB171887408200D65B19 /* UIKit.framework in Frameworks */,
				1F2EAB161887408200D65B19 /* Foundation.framework in Frameworks */,
			);
			runOnlyForDeploymentPostprocessing = 0;
		};
/* End PBXFrameworksBuildPhase section */

/* Begin PBXGroup section */
		1F2EAAE61887408200D65B19 = {
			isa = PBXGroup;
			children = (
				1F2EAAF81887408200D65B19 /* WebserviceTemplateExample */,
				1F2EAB1A1887408200D65B19 /* WebserviceTemplateExampleTests */,
				1F2EAAF11887408200D65B19 /* Frameworks */,
				1F2EAAF01887408200D65B19 /* Products */,
			);
			sourceTree = "<group>";
		};
		1F2EAAF01887408200D65B19 /* Products */ = {
			isa = PBXGroup;
			children = (
				1F2EAAEF1887408200D65B19 /* WebserviceTemplateExample.app */,
				1F2EAB131887408200D65B19 /* WebserviceTemplateExampleTests.xctest */,
			);
			name = Products;
			sourceTree = "<group>";
		};
		1F2EAAF11887408200D65B19 /* Frameworks */ = {
			isa = PBXGroup;
			children = (
				1F2EAAF21887408200D65B19 /* Foundation.framework */,
				1F2EAAF41887408200D65B19 /* CoreGraphics.framework */,
				1F2EAAF61887408200D65B19 /* UIKit.framework */,
				1F2EAB141887408200D65B19 /* XCTest.framework */,
			);
			name = Frameworks;
			sourceTree = "<group>";
		};
		1F2EAAF81887408200D65B19 /* WebserviceTemplateExample */ = {
			isa = PBXGroup;
			children = (
				1F2EAB2A1887408900D65B19 /* Webservice Template */,
				1F2EAB321887412000D65B19 /* ExampleWebservice */,
				1F2EAB011887408200D65B19 /* AppDelegate.h */,
				1F2EAB021887408200D65B19 /* AppDelegate.m */,
				1F2EAB041887408200D65B19 /* Main_iPhone.storyboard */,
				1F2EAB071887408200D65B19 /* Main_iPad.storyboard */,
				1F2EAB0A1887408200D65B19 /* ViewController.h */,
				1F2EAB0B1887408200D65B19 /* ViewController.m */,
				1F2EAB0D1887408200D65B19 /* Images.xcassets */,
				1F2EAAF91887408200D65B19 /* Supporting Files */,
			);
			path = WebserviceTemplateExample;
			sourceTree = "<group>";
		};
		1F2EAAF91887408200D65B19 /* Supporting Files */ = {
			isa = PBXGroup;
			children = (
				1F2EAAFA1887408200D65B19 /* WebserviceTemplateExample-Info.plist */,
				1F2EAAFB1887408200D65B19 /* InfoPlist.strings */,
				1F2EAAFE1887408200D65B19 /* main.m */,
				1F2EAB001887408200D65B19 /* WebserviceTemplateExample-Prefix.pch */,
			);
			name = "Supporting Files";
			sourceTree = "<group>";
		};
		1F2EAB1A1887408200D65B19 /* WebserviceTemplateExampleTests */ = {
			isa = PBXGroup;
			children = (
				1F2EAB201887408200D65B19 /* WebserviceTemplateExampleTests.m */,
				1F2EAB1B1887408200D65B19 /* Supporting Files */,
			);
			path = WebserviceTemplateExampleTests;
			sourceTree = "<group>";
		};
		1F2EAB1B1887408200D65B19 /* Supporting Files */ = {
			isa = PBXGroup;
			children = (
				1F2EAB1C1887408200D65B19 /* WebserviceTemplateExampleTests-Info.plist */,
				1F2EAB1D1887408200D65B19 /* InfoPlist.strings */,
			);
			name = "Supporting Files";
			sourceTree = "<group>";
		};
		1F2EAB2A1887408900D65B19 /* Webservice Template */ = {
			isa = PBXGroup;
			children = (
				1F2EAB2B1887409E00D65B19 /* WebOperation.h */,
				1F2EAB2C1887409E00D65B19 /* WebOperation.m */,
				1F2EAB2D1887409E00D65B19 /* WebOperationHeaders.h */,
				1F2EAB2E1887409E00D65B19 /* Webservice.h */,
				1F2EAB2F1887409E00D65B19 /* Webservice.m */,
			);
			name = "Webservice Template";
			sourceTree = "<group>";
		};
		1F2EAB321887412000D65B19 /* ExampleWebservice */ = {
			isa = PBXGroup;
			children = (
				1F2EAB331887413800D65B19 /* ExampleWebservice.h */,
				1F2EAB341887413800D65B19 /* ExampleWebservice.m */,
			);
			name = ExampleWebservice;
			sourceTree = "<group>";
		};
/* End PBXGroup section */

/* Begin PBXNativeTarget section */
		1F2EAAEE1887408200D65B19 /* WebserviceTemplateExample */ = {
			isa = PBXNativeTarget;
			buildConfigurationList = 1F2EAB241887408200D65B19 /* Build configuration list for PBXNativeTarget "WebserviceTemplateExample" */;
			buildPhases = (
				1F2EAAEB1887408200D65B19 /* Sources */,
				1F2EAAEC1887408200D65B19 /* Frameworks */,
				1F2EAAED1887408200D65B19 /* Resources */,
			);
			buildRules = (
			);
			dependencies = (
			);
			name = WebserviceTemplateExample;
			productName = WebserviceTemplateExample;
			productReference = 1F2EAAEF1887408200D65B19 /* WebserviceTemplateExample.app */;
			productType = "com.apple.product-type.application";
		};
		1F2EAB121887408200D65B19 /* WebserviceTemplateExampleTests */ = {
			isa = PBXNativeTarget;
			buildConfigurationList = 1F2EAB271887408200D65B19 /* Build configuration list for PBXNativeTarget "WebserviceTemplateExampleTests" */;
			buildPhases = (
				1F2EAB0F1887408200D65B19 /* Sources */,
				1F2EAB101887408200D65B19 /* Frameworks */,
				1F2EAB111887408200D65B19 /* Resources */,
			);
			buildRules = (
			);
			dependencies = (
				1F2EAB191887408200D65B19 /* PBXTargetDependency */,
			);
			name = WebserviceTemplateExampleTests;
			productName = WebserviceTemplateExampleTests;
			productReference = 1F2EAB131887408200D65B19 /* WebserviceTemplateExampleTests.xctest */;
			productType = "com.apple.product-type.bundle.unit-test";
		};
/* End PBXNativeTarget section */

/* Begin PBXProject section */
		1F2EAAE71887408200D65B19 /* Project object */ = {
			isa = PBXProject;
			attributes = {
				LastUpgradeCheck = 0500;
				ORGANIZATIONNAME = "Center for Advanced Public Safety";
				TargetAttributes = {
					1F2EAB121887408200D65B19 = {
						TestTargetID = 1F2EAAEE1887408200D65B19;
					};
				};
			};
			buildConfigurationList = 1F2EAAEA1887408200D65B19 /* Build configuration list for PBXProject "WebserviceTemplateExample" */;
			compatibilityVersion = "Xcode 3.2";
			developmentRegion = English;
			hasScannedForEncodings = 0;
			knownRegions = (
				en,
				Base,
			);
			mainGroup = 1F2EAAE61887408200D65B19;
			productRefGroup = 1F2EAAF01887408200D65B19 /* Products */;
			projectDirPath = "";
			projectRoot = "";
			targets = (
				1F2EAAEE1887408200D65B19 /* WebserviceTemplateExample */,
				1F2EAB121887408200D65B19 /* WebserviceTemplateExampleTests */,
			);
		};
/* End PBXProject section */

/* Begin PBXResourcesBuildPhase section */
		1F2EAAED1887408200D65B19 /* Resources */ = {
			isa = PBXResourcesBuildPhase;
			buildActionMask = 2147483647;
			files = (
				1F2EAB091887408200D65B19 /* Main_iPad.storyboard in Resources */,
				1F2EAB0E1887408200D65B19 /* Images.xcassets in Resources */,
				1F2EAB061887408200D65B19 /* Main_iPhone.storyboard in Resources */,
				1F2EAAFD1887408200D65B19 /* InfoPlist.strings in Resources */,
			);
			runOnlyForDeploymentPostprocessing = 0;
		};
		1F2EAB111887408200D65B19 /* Resources */ = {
			isa = PBXResourcesBuildPhase;
			buildActionMask = 2147483647;
			files = (
				1F2EAB1F1887408200D65B19 /* InfoPlist.strings in Resources */,
			);
			runOnlyForDeploymentPostprocessing = 0;
		};
/* End PBXResourcesBuildPhase section */

/* Begin PBXSourcesBuildPhase section */
		1F2EAAEB1887408200D65B19 /* Sources */ = {
			isa = PBXSourcesBuildPhase;
			buildActionMask = 2147483647;
			files = (
				1F2EAB301887409E00D65B19 /* WebOperation.m in Sources */,
				1F2EAB0C1887408200D65B19 /* ViewController.m in Sources */,
				1F2EAB031887408200D65B19 /* AppDelegate.m in Sources */,
				1F2EAB351887413800D65B19 /* ExampleWebservice.m in Sources */,
				1F2EAAFF1887408200D65B19 /* main.m in Sources */,
				1F2EAB311887409E00D65B19 /* Webservice.m in Sources */,
			);
			runOnlyForDeploymentPostprocessing = 0;
		};
		1F2EAB0F1887408200D65B19 /* Sources */ = {
			isa = PBXSourcesBuildPhase;
			buildActionMask = 2147483647;
			files = (
				1F2EAB211887408200D65B19 /* WebserviceTemplateExampleTests.m in Sources */,
			);
			runOnlyForDeploymentPostprocessing = 0;
		};
/* End PBXSourcesBuildPhase section */

/* Begin PBXTargetDependency section */
		1F2EAB191887408200D65B19 /* PBXTargetDependency */ = {
			isa = PBXTargetDependency;
			target = 1F2EAAEE1887408200D65B19 /* WebserviceTemplateExample */;
			targetProxy = 1F2EAB181887408200D65B19 /* PBXContainerItemProxy */;
		};
/* End PBXTargetDependency section */

/* Begin PBXVariantGroup section */
		1F2EAAFB1887408200D65B19 /* InfoPlist.strings */ = {
			isa = PBXVariantGroup;
			children = (
				1F2EAAFC1887408200D65B19 /* en */,
			);
			name = InfoPlist.strings;
			sourceTree = "<group>";
		};
		1F2EAB041887408200D65B19 /* Main_iPhone.storyboard */ = {
			isa = PBXVariantGroup;
			children = (
				1F2EAB051887408200D65B19 /* Base */,
			);
			name = Main_iPhone.storyboard;
			sourceTree = "<group>";
		};
		1F2EAB071887408200D65B19 /* Main_iPad.storyboard */ = {
			isa = PBXVariantGroup;
			children = (
				1F2EAB081887408200D65B19 /* Base */,
			);
			name = Main_iPad.storyboard;
			sourceTree = "<group>";
		};
		1F2EAB1D1887408200D65B19 /* InfoPlist.strings */ = {
			isa = PBXVariantGroup;
			children = (
				1F2EAB1E1887408200D65B19 /* en */,
			);
			name = InfoPlist.strings;
			sourceTree = "<group>";
		};
/* End PBXVariantGroup section */

/* Begin XCBuildConfiguration section */
		1F2EAB221887408200D65B19 /* Debug */ = {
			isa = XCBuildConfiguration;
			buildSettings = {
				ALWAYS_SEARCH_USER_PATHS = NO;
				ARCHS = "$(ARCHS_STANDARD_INCLUDING_64_BIT)";
				CLANG_CXX_LANGUAGE_STANDARD = "gnu++0x";
				CLANG_CXX_LIBRARY = "libc++";
				CLANG_ENABLE_MODULES = YES;
				CLANG_ENABLE_OBJC_ARC = YES;
				CLANG_WARN_BOOL_CONVERSION = YES;
				CLANG_WARN_CONSTANT_CONVERSION = YES;
				CLANG_WARN_DIRECT_OBJC_ISA_USAGE = YES_ERROR;
				CLANG_WARN_EMPTY_BODY = YES;
				CLANG_WARN_ENUM_CONVERSION = YES;
				CLANG_WARN_INT_CONVERSION = YES;
				CLANG_WARN_OBJC_ROOT_CLASS = YES_ERROR;
				CLANG_WARN__DUPLICATE_METHOD_MATCH = YES;
				"CODE_SIGN_IDENTITY[sdk=iphoneos*]" = "iPhone Developer";
				COPY_PHASE_STRIP = NO;
				GCC_C_LANGUAGE_STANDARD = gnu99;
				GCC_DYNAMIC_NO_PIC = NO;
				GCC_OPTIMIZATION_LEVEL = 0;
				GCC_PREPROCESSOR_DEFINITIONS = (
					"DEBUG=1",
					"$(inherited)",
				);
				GCC_SYMBOLS_PRIVATE_EXTERN = NO;
				GCC_WARN_64_TO_32_BIT_CONVERSION = YES;
				GCC_WARN_ABOUT_RETURN_TYPE = YES_ERROR;
				GCC_WARN_UNDECLARED_SELECTOR = YES;
				GCC_WARN_UNINITIALIZED_AUTOS = YES;
				GCC_WARN_UNUSED_FUNCTION = YES;
				GCC_WARN_UNUSED_VARIABLE = YES;
				IPHONEOS_DEPLOYMENT_TARGET = 7.0;
				ONLY_ACTIVE_ARCH = YES;
				SDKROOT = iphoneos;
				TARGETED_DEVICE_FAMILY = "1,2";
			};
			name = Debug;
		};
		1F2EAB231887408200D65B19 /* Release */ = {
			isa = XCBuildConfiguration;
			buildSettings = {
				ALWAYS_SEARCH_USER_PATHS = NO;
				ARCHS = "$(ARCHS_STANDARD_INCLUDING_64_BIT)";
				CLANG_CXX_LANGUAGE_STANDARD = "gnu++0x";
				CLANG_CXX_LIBRARY = "libc++";
				CLANG_ENABLE_MODULES = YES;
				CLANG_ENABLE_OBJC_ARC = YES;
				CLANG_WARN_BOOL_CONVERSION = YES;
				CLANG_WARN_CONSTANT_CONVERSION = YES;
				CLANG_WARN_DIRECT_OBJC_ISA_USAGE = YES_ERROR;
				CLANG_WARN_EMPTY_BODY = YES;
				CLANG_WARN_ENUM_CONVERSION = YES;
				CLANG_WARN_INT_CONVERSION = YES;
				CLANG_WARN_OBJC_ROOT_CLASS = YES_ERROR;
				CLANG_WARN__DUPLICATE_METHOD_MATCH = YES;
				"CODE_SIGN_IDENTITY[sdk=iphoneos*]" = "iPhone Developer";
				COPY_PHASE_STRIP = YES;
				ENABLE_NS_ASSERTIONS = NO;
				GCC_C_LANGUAGE_STANDARD = gnu99;
				GCC_WARN_64_TO_32_BIT_CONVERSION = YES;
				GCC_WARN_ABOUT_RETURN_TYPE = YES_ERROR;
				GCC_WARN_UNDECLARED_SELECTOR = YES;
				GCC_WARN_UNINITIALIZED_AUTOS = YES;
				GCC_WARN_UNUSED_FUNCTION = YES;
				GCC_WARN_UNUSED_VARIABLE = YES;
				IPHONEOS_DEPLOYMENT_TARGET = 7.0;
				SDKROOT = iphoneos;
				TARGETED_DEVICE_FAMILY = "1,2";
				VALIDATE_PRODUCT = YES;
			};
			name = Release;
		};
		1F2EAB251887408200D65B19 /* Debug */ = {
			isa = XCBuildConfiguration;
			buildSettings = {
				ASSETCATALOG_COMPILER_APPICON_NAME = AppIcon;
				ASSETCATALOG_COMPILER_LAUNCHIMAGE_NAME = LaunchImage;
				GCC_PRECOMPILE_PREFIX_HEADER = YES;
				GCC_PREFIX_HEADER = "WebserviceTemplateExample/WebserviceTemplateExample-Prefix.pch";
				INFOPLIST_FILE = "WebserviceTemplateExample/WebserviceTemplateExample-Info.plist";
				PRODUCT_NAME = "$(TARGET_NAME)";
				WRAPPER_EXTENSION = app;
			};
			name = Debug;
		};
		1F2EAB261887408200D65B19 /* Release */ = {
			isa = XCBuildConfiguration;
			buildSettings = {
				ASSETCATALOG_COMPILER_APPICON_NAME = AppIcon;
				ASSETCATALOG_COMPILER_LAUNCHIMAGE_NAME = LaunchImage;
				GCC_PRECOMPILE_PREFIX_HEADER = YES;
				GCC_PREFIX_HEADER = "WebserviceTemplateExample/WebserviceTemplateExample-Prefix.pch";
				INFOPLIST_FILE = "WebserviceTemplateExample/WebserviceTemplateExample-Info.plist";
				PRODUCT_NAME = "$(TARGET_NAME)";
				WRAPPER_EXTENSION = app;
			};
			name = Release;
		};
		1F2EAB281887408200D65B19 /* Debug */ = {
			isa = XCBuildConfiguration;
			buildSettings = {
				ARCHS = "$(ARCHS_STANDARD_INCLUDING_64_BIT)";
				BUNDLE_LOADER = "$(BUILT_PRODUCTS_DIR)/WebserviceTemplateExample.app/WebserviceTemplateExample";
				FRAMEWORK_SEARCH_PATHS = (
					"$(SDKROOT)/Developer/Library/Frameworks",
					"$(inherited)",
					"$(DEVELOPER_FRAMEWORKS_DIR)",
				);
				GCC_PRECOMPILE_PREFIX_HEADER = YES;
				GCC_PREFIX_HEADER = "WebserviceTemplateExample/WebserviceTemplateExample-Prefix.pch";
				GCC_PREPROCESSOR_DEFINITIONS = (
					"DEBUG=1",
					"$(inherited)",
				);
				INFOPLIST_FILE = "WebserviceTemplateExampleTests/WebserviceTemplateExampleTests-Info.plist";
				PRODUCT_NAME = "$(TARGET_NAME)";
				TEST_HOST = "$(BUNDLE_LOADER)";
				WRAPPER_EXTENSION = xctest;
			};
			name = Debug;
		};
		1F2EAB291887408200D65B19 /* Release */ = {
			isa = XCBuildConfiguration;
			buildSettings = {
				ARCHS = "$(ARCHS_STANDARD_INCLUDING_64_BIT)";
				BUNDLE_LOADER = "$(BUILT_PRODUCTS_DIR)/WebserviceTemplateExample.app/WebserviceTemplateExample";
				FRAMEWORK_SEARCH_PATHS = (
					"$(SDKROOT)/Developer/Library/Frameworks",
					"$(inherited)",
					"$(DEVELOPER_FRAMEWORKS_DIR)",
				);
				GCC_PRECOMPILE_PREFIX_HEADER = YES;
				GCC_PREFIX_HEADER = "WebserviceTemplateExample/WebserviceTemplateExample-Prefix.pch";
				INFOPLIST_FILE = "WebserviceTemplateExampleTests/WebserviceTemplateExampleTests-Info.plist";
				PRODUCT_NAME = "$(TARGET_NAME)";
				TEST_HOST = "$(BUNDLE_LOADER)";
				WRAPPER_EXTENSION = xctest;
			};
			name = Release;
		};
/* End XCBuildConfiguration section */

/* Begin XCConfigurationList section */
		1F2EAAEA1887408200D65B19 /* Build configuration list for PBXProject "WebserviceTemplateExample" */ = {
			isa = XCConfigurationList;
			buildConfigurations = (
				1F2EAB221887408200D65B19 /* Debug */,
				1F2EAB231887408200D65B19 /* Release */,
			);
			defaultConfigurationIsVisible = 0;
			defaultConfigurationName = Release;
		};
		1F2EAB241887408200D65B19 /* Build configuration list for PBXNativeTarget "WebserviceTemplateExample" */ = {
			isa = XCConfigurationList;
			buildConfigurations = (
				1F2EAB251887408200D65B19 /* Debug */,
				1F2EAB261887408200D65B19 /* Release */,
			);
			defaultConfigurationIsVisible = 0;
		};
		1F2EAB271887408200D65B19 /* Build configuration list for PBXNativeTarget "WebserviceTemplateExampleTests" */ = {
			isa = XCConfigurationList;
			buildConfigurations = (
				1F2EAB281887408200D65B19 /* Debug */,
				1F2EAB291887408200D65B19 /* Release */,
			);
			defaultConfigurationIsVisible = 0;
		};
/* End XCConfigurationList section */
	};
	rootObject = 1F2EAAE71887408200D65B19 /* Project object */;
}
